// !$*UTF8*$!
{
	archiveVersion = 1;
	classes = {
	};
	objectVersion = 50;
	objects = {

/* Begin PBXBuildFile section */
		A212FA7124026E4E0037A513 /* NKAirportModel.swift in Sources */ = {isa = PBXBuildFile; fileRef = A212FA7024026E4E0037A513 /* NKAirportModel.swift */; };
		A212FA7324039BCF0037A513 /* NKAirportAnnotation.swift in Sources */ = {isa = PBXBuildFile; fileRef = A212FA7224039BCF0037A513 /* NKAirportAnnotation.swift */; };
		A212FA752403B77C0037A513 /* NKRequestBuilder.swift in Sources */ = {isa = PBXBuildFile; fileRef = A212FA742403B77C0037A513 /* NKRequestBuilder.swift */; };
		A212FA772403C4F80037A513 /* NKLocatorViewModelTests.swift in Sources */ = {isa = PBXBuildFile; fileRef = A212FA762403C4F80037A513 /* NKLocatorViewModelTests.swift */; };
		A212FA7B2403C7C80037A513 /* NKMockServiceManager.swift in Sources */ = {isa = PBXBuildFile; fileRef = A212FA782403C55C0037A513 /* NKMockServiceManager.swift */; };
		A212FA7D2403CB080037A513 /* NearbyAirportsMock.json in Resources */ = {isa = PBXBuildFile; fileRef = A212FA7C2403CB080037A513 /* NearbyAirportsMock.json */; };
		A212FA7E2403CB100037A513 /* NearbyAirportsMock.json in Resources */ = {isa = PBXBuildFile; fileRef = A212FA7C2403CB080037A513 /* NearbyAirportsMock.json */; };
		A212FA802403CC8A0037A513 /* NKMockDataManager.swift in Sources */ = {isa = PBXBuildFile; fileRef = A212FA7F2403CC8A0037A513 /* NKMockDataManager.swift */; };
		A212FA812403CC8A0037A513 /* NKMockDataManager.swift in Sources */ = {isa = PBXBuildFile; fileRef = A212FA7F2403CC8A0037A513 /* NKMockDataManager.swift */; };
		A212FA842403DA260037A513 /* NKDictionaryExtension.swift in Sources */ = {isa = PBXBuildFile; fileRef = A212FA832403DA260037A513 /* NKDictionaryExtension.swift */; };
		A212FA852403DA260037A513 /* NKDictionaryExtension.swift in Sources */ = {isa = PBXBuildFile; fileRef = A212FA832403DA260037A513 /* NKDictionaryExtension.swift */; };
		A25E3BFE2400227900141448 /* AppDelegate.swift in Sources */ = {isa = PBXBuildFile; fileRef = A25E3BFD2400227900141448 /* AppDelegate.swift */; };
		A25E3C052400227900141448 /* Main.storyboard in Resources */ = {isa = PBXBuildFile; fileRef = A25E3C032400227900141448 /* Main.storyboard */; };
		A25E3C072400227D00141448 /* Assets.xcassets in Resources */ = {isa = PBXBuildFile; fileRef = A25E3C062400227D00141448 /* Assets.xcassets */; };
		A25E3C0A2400227D00141448 /* LaunchScreen.storyboard in Resources */ = {isa = PBXBuildFile; fileRef = A25E3C082400227D00141448 /* LaunchScreen.storyboard */; };
		A25E3C152400227D00141448 /* NKAirportLocatorTests.swift in Sources */ = {isa = PBXBuildFile; fileRef = A25E3C142400227D00141448 /* NKAirportLocatorTests.swift */; };
		A25E3C2424016F1800141448 /* NKLocatorVC.swift in Sources */ = {isa = PBXBuildFile; fileRef = A25E3C2324016F1800141448 /* NKLocatorVC.swift */; };
		A25E3C262401701200141448 /* NKLocatorViewModel.swift in Sources */ = {isa = PBXBuildFile; fileRef = A25E3C252401701200141448 /* NKLocatorViewModel.swift */; };
		A25E3C29240266C900141448 /* NKNetworkConfig.swift in Sources */ = {isa = PBXBuildFile; fileRef = A25E3C28240266C900141448 /* NKNetworkConfig.swift */; };
		A25E3C2B24026B3F00141448 /* NKServiceManager.swift in Sources */ = {isa = PBXBuildFile; fileRef = A25E3C2A24026B3F00141448 /* NKServiceManager.swift */; };
		A25E3C2D24026BA800141448 /* NKServiceProvider.swift in Sources */ = {isa = PBXBuildFile; fileRef = A25E3C2C24026BA800141448 /* NKServiceProvider.swift */; };
/* End PBXBuildFile section */

/* Begin PBXContainerItemProxy section */
		A25E3C112400227D00141448 /* PBXContainerItemProxy */ = {
			isa = PBXContainerItemProxy;
			containerPortal = A25E3BF22400227900141448 /* Project object */;
			proxyType = 1;
			remoteGlobalIDString = A25E3BF92400227900141448;
			remoteInfo = NKAirportLocator;
		};
/* End PBXContainerItemProxy section */

/* Begin PBXFileReference section */
		A212FA7024026E4E0037A513 /* NKAirportModel.swift */ = {isa = PBXFileReference; lastKnownFileType = sourcecode.swift; path = NKAirportModel.swift; sourceTree = "<group>"; };
		A212FA7224039BCF0037A513 /* NKAirportAnnotation.swift */ = {isa = PBXFileReference; lastKnownFileType = sourcecode.swift; path = NKAirportAnnotation.swift; sourceTree = "<group>"; };
		A212FA742403B77C0037A513 /* NKRequestBuilder.swift */ = {isa = PBXFileReference; lastKnownFileType = sourcecode.swift; path = NKRequestBuilder.swift; sourceTree = "<group>"; };
		A212FA762403C4F80037A513 /* NKLocatorViewModelTests.swift */ = {isa = PBXFileReference; lastKnownFileType = sourcecode.swift; path = NKLocatorViewModelTests.swift; sourceTree = "<group>"; };
		A212FA782403C55C0037A513 /* NKMockServiceManager.swift */ = {isa = PBXFileReference; lastKnownFileType = sourcecode.swift; path = NKMockServiceManager.swift; sourceTree = "<group>"; };
		A212FA7C2403CB080037A513 /* NearbyAirportsMock.json */ = {isa = PBXFileReference; lastKnownFileType = text.json; path = NearbyAirportsMock.json; sourceTree = "<group>"; };
		A212FA7F2403CC8A0037A513 /* NKMockDataManager.swift */ = {isa = PBXFileReference; lastKnownFileType = sourcecode.swift; path = NKMockDataManager.swift; sourceTree = "<group>"; };
		A212FA832403DA260037A513 /* NKDictionaryExtension.swift */ = {isa = PBXFileReference; lastKnownFileType = sourcecode.swift; path = NKDictionaryExtension.swift; sourceTree = "<group>"; };
		A25E3BFA2400227900141448 /* NKAirportLocator.app */ = {isa = PBXFileReference; explicitFileType = wrapper.application; includeInIndex = 0; path = NKAirportLocator.app; sourceTree = BUILT_PRODUCTS_DIR; };
		A25E3BFD2400227900141448 /* AppDelegate.swift */ = {isa = PBXFileReference; lastKnownFileType = sourcecode.swift; path = AppDelegate.swift; sourceTree = "<group>"; };
		A25E3C042400227900141448 /* Base */ = {isa = PBXFileReference; lastKnownFileType = file.storyboard; name = Base; path = Base.lproj/Main.storyboard; sourceTree = "<group>"; };
		A25E3C062400227D00141448 /* Assets.xcassets */ = {isa = PBXFileReference; lastKnownFileType = folder.assetcatalog; path = Assets.xcassets; sourceTree = "<group>"; };
		A25E3C092400227D00141448 /* Base */ = {isa = PBXFileReference; lastKnownFileType = file.storyboard; name = Base; path = Base.lproj/LaunchScreen.storyboard; sourceTree = "<group>"; };
		A25E3C0B2400227D00141448 /* Info.plist */ = {isa = PBXFileReference; lastKnownFileType = text.plist.xml; path = Info.plist; sourceTree = "<group>"; };
		A25E3C102400227D00141448 /* NKAirportLocatorTests.xctest */ = {isa = PBXFileReference; explicitFileType = wrapper.cfbundle; includeInIndex = 0; path = NKAirportLocatorTests.xctest; sourceTree = BUILT_PRODUCTS_DIR; };
		A25E3C142400227D00141448 /* NKAirportLocatorTests.swift */ = {isa = PBXFileReference; lastKnownFileType = sourcecode.swift; path = NKAirportLocatorTests.swift; sourceTree = "<group>"; };
		A25E3C162400227D00141448 /* Info.plist */ = {isa = PBXFileReference; lastKnownFileType = text.plist.xml; path = Info.plist; sourceTree = "<group>"; };
		A25E3C2324016F1800141448 /* NKLocatorVC.swift */ = {isa = PBXFileReference; lastKnownFileType = sourcecode.swift; path = NKLocatorVC.swift; sourceTree = "<group>"; };
		A25E3C252401701200141448 /* NKLocatorViewModel.swift */ = {isa = PBXFileReference; lastKnownFileType = sourcecode.swift; path = NKLocatorViewModel.swift; sourceTree = "<group>"; };
		A25E3C28240266C900141448 /* NKNetworkConfig.swift */ = {isa = PBXFileReference; lastKnownFileType = sourcecode.swift; path = NKNetworkConfig.swift; sourceTree = "<group>"; };
		A25E3C2A24026B3F00141448 /* NKServiceManager.swift */ = {isa = PBXFileReference; lastKnownFileType = sourcecode.swift; path = NKServiceManager.swift; sourceTree = "<group>"; };
		A25E3C2C24026BA800141448 /* NKServiceProvider.swift */ = {isa = PBXFileReference; lastKnownFileType = sourcecode.swift; path = NKServiceProvider.swift; sourceTree = "<group>"; };
/* End PBXFileReference section */

/* Begin PBXFrameworksBuildPhase section */
		A25E3BF72400227900141448 /* Frameworks */ = {
			isa = PBXFrameworksBuildPhase;
			buildActionMask = 2147483647;
			files = (
			);
			runOnlyForDeploymentPostprocessing = 0;
		};
		A25E3C0D2400227D00141448 /* Frameworks */ = {
			isa = PBXFrameworksBuildPhase;
			buildActionMask = 2147483647;
			files = (
			);
			runOnlyForDeploymentPostprocessing = 0;
		};
/* End PBXFrameworksBuildPhase section */

/* Begin PBXGroup section */
		A212FA822403DA090037A513 /* Utilities */ = {
			isa = PBXGroup;
			children = (
				A212FA832403DA260037A513 /* NKDictionaryExtension.swift */,
			);
			path = Utilities;
			sourceTree = "<group>";
		};
		A25E3BF12400227900141448 = {
			isa = PBXGroup;
			children = (
				A25E3BFC2400227900141448 /* NKAirportLocator */,
				A25E3C132400227D00141448 /* NKAirportLocatorTests */,
				A25E3BFB2400227900141448 /* Products */,
			);
			sourceTree = "<group>";
		};
		A25E3BFB2400227900141448 /* Products */ = {
			isa = PBXGroup;
			children = (
				A25E3BFA2400227900141448 /* NKAirportLocator.app */,
				A25E3C102400227D00141448 /* NKAirportLocatorTests.xctest */,
			);
			name = Products;
			sourceTree = "<group>";
		};
		A25E3BFC2400227900141448 /* NKAirportLocator */ = {
			isa = PBXGroup;
			children = (
				A212FA822403DA090037A513 /* Utilities */,
				A25E3C27240266B100141448 /* Network */,
				A25E3C1F24016EC500141448 /* Controllers */,
				A25E3BFD2400227900141448 /* AppDelegate.swift */,
				A25E3C032400227900141448 /* Main.storyboard */,
				A25E3C062400227D00141448 /* Assets.xcassets */,
				A25E3C082400227D00141448 /* LaunchScreen.storyboard */,
				A25E3C0B2400227D00141448 /* Info.plist */,
			);
			path = NKAirportLocator;
			sourceTree = "<group>";
		};
		A25E3C132400227D00141448 /* NKAirportLocatorTests */ = {
			isa = PBXGroup;
			children = (
				A25E3C142400227D00141448 /* NKAirportLocatorTests.swift */,
				A212FA762403C4F80037A513 /* NKLocatorViewModelTests.swift */,
				A212FA782403C55C0037A513 /* NKMockServiceManager.swift */,
				A212FA7F2403CC8A0037A513 /* NKMockDataManager.swift */,
				A212FA7C2403CB080037A513 /* NearbyAirportsMock.json */,
				A25E3C162400227D00141448 /* Info.plist */,
			);
			path = NKAirportLocatorTests;
			sourceTree = "<group>";
		};
		A25E3C1F24016EC500141448 /* Controllers */ = {
			isa = PBXGroup;
			children = (
				A25E3C2224016EE300141448 /* ViewModel */,
				A25E3C2124016EDC00141448 /* View */,
				A25E3C2024016ED500141448 /*  Model */,
			);
			path = Controllers;
			sourceTree = "<group>";
		};
		A25E3C2024016ED500141448 /*  Model */ = {
			isa = PBXGroup;
			children = (
				A212FA7024026E4E0037A513 /* NKAirportModel.swift */,
				A212FA7224039BCF0037A513 /* NKAirportAnnotation.swift */,
			);
			path = " Model";
			sourceTree = "<group>";
		};
		A25E3C2124016EDC00141448 /* View */ = {
			isa = PBXGroup;
			children = (
				A25E3C2324016F1800141448 /* NKLocatorVC.swift */,
			);
			path = View;
			sourceTree = "<group>";
		};
		A25E3C2224016EE300141448 /* ViewModel */ = {
			isa = PBXGroup;
			children = (
				A25E3C252401701200141448 /* NKLocatorViewModel.swift */,
			);
			path = ViewModel;
			sourceTree = "<group>";
		};
		A25E3C27240266B100141448 /* Network */ = {
			isa = PBXGroup;
			children = (
				A25E3C28240266C900141448 /* NKNetworkConfig.swift */,
				A25E3C2C24026BA800141448 /* NKServiceProvider.swift */,
				A25E3C2A24026B3F00141448 /* NKServiceManager.swift */,
				A212FA742403B77C0037A513 /* NKRequestBuilder.swift */,
			);
			path = Network;
			sourceTree = "<group>";
		};
/* End PBXGroup section */

/* Begin PBXNativeTarget section */
		A25E3BF92400227900141448 /* NKAirportLocator */ = {
			isa = PBXNativeTarget;
			buildConfigurationList = A25E3C192400227D00141448 /* Build configuration list for PBXNativeTarget "NKAirportLocator" */;
			buildPhases = (
				A25E3BF62400227900141448 /* Sources */,
				A25E3BF72400227900141448 /* Frameworks */,
				A25E3BF82400227900141448 /* Resources */,
			);
			buildRules = (
			);
			dependencies = (
			);
			name = NKAirportLocator;
			productName = NKAirportLocator;
			productReference = A25E3BFA2400227900141448 /* NKAirportLocator.app */;
			productType = "com.apple.product-type.application";
		};
		A25E3C0F2400227D00141448 /* NKAirportLocatorTests */ = {
			isa = PBXNativeTarget;
			buildConfigurationList = A25E3C1C2400227D00141448 /* Build configuration list for PBXNativeTarget "NKAirportLocatorTests" */;
			buildPhases = (
				A25E3C0C2400227D00141448 /* Sources */,
				A25E3C0D2400227D00141448 /* Frameworks */,
				A25E3C0E2400227D00141448 /* Resources */,
			);
			buildRules = (
			);
			dependencies = (
				A25E3C122400227D00141448 /* PBXTargetDependency */,
			);
			name = NKAirportLocatorTests;
			productName = NKAirportLocatorTests;
			productReference = A25E3C102400227D00141448 /* NKAirportLocatorTests.xctest */;
			productType = "com.apple.product-type.bundle.unit-test";
		};
/* End PBXNativeTarget section */

/* Begin PBXProject section */
		A25E3BF22400227900141448 /* Project object */ = {
			isa = PBXProject;
			attributes = {
				LastSwiftUpdateCheck = 1130;
				LastUpgradeCheck = 1130;
				ORGANIZATIONNAME = AirAsiaSubmission;
				TargetAttributes = {
					A25E3BF92400227900141448 = {
						CreatedOnToolsVersion = 11.3.1;
					};
					A25E3C0F2400227D00141448 = {
						CreatedOnToolsVersion = 11.3.1;
						TestTargetID = A25E3BF92400227900141448;
					};
				};
			};
			buildConfigurationList = A25E3BF52400227900141448 /* Build configuration list for PBXProject "NKAirportLocator" */;
			compatibilityVersion = "Xcode 9.3";
			developmentRegion = en;
			hasScannedForEncodings = 0;
			knownRegions = (
				en,
				Base,
			);
			mainGroup = A25E3BF12400227900141448;
			productRefGroup = A25E3BFB2400227900141448 /* Products */;
			projectDirPath = "";
			projectRoot = "";
			targets = (
				A25E3BF92400227900141448 /* NKAirportLocator */,
				A25E3C0F2400227D00141448 /* NKAirportLocatorTests */,
			);
		};
/* End PBXProject section */

/* Begin PBXResourcesBuildPhase section */
		A25E3BF82400227900141448 /* Resources */ = {
			isa = PBXResourcesBuildPhase;
			buildActionMask = 2147483647;
			files = (
				A25E3C0A2400227D00141448 /* LaunchScreen.storyboard in Resources */,
				A25E3C072400227D00141448 /* Assets.xcassets in Resources */,
				A212FA7E2403CB100037A513 /* NearbyAirportsMock.json in Resources */,
				A25E3C052400227900141448 /* Main.storyboard in Resources */,
			);
			runOnlyForDeploymentPostprocessing = 0;
		};
		A25E3C0E2400227D00141448 /* Resources */ = {
			isa = PBXResourcesBuildPhase;
			buildActionMask = 2147483647;
			files = (
				A212FA7D2403CB080037A513 /* NearbyAirportsMock.json in Resources */,
			);
			runOnlyForDeploymentPostprocessing = 0;
		};
/* End PBXResourcesBuildPhase section */

/* Begin PBXSourcesBuildPhase section */
		A25E3BF62400227900141448 /* Sources */ = {
			isa = PBXSourcesBuildPhase;
			buildActionMask = 2147483647;
			files = (
				A25E3C2B24026B3F00141448 /* NKServiceManager.swift in Sources */,
				A212FA7324039BCF0037A513 /* NKAirportAnnotation.swift in Sources */,
				A212FA842403DA260037A513 /* NKDictionaryExtension.swift in Sources */,
				A25E3C29240266C900141448 /* NKNetworkConfig.swift in Sources */,
				A212FA802403CC8A0037A513 /* NKMockDataManager.swift in Sources */,
				A212FA752403B77C0037A513 /* NKRequestBuilder.swift in Sources */,
				A212FA7124026E4E0037A513 /* NKAirportModel.swift in Sources */,
				A25E3C262401701200141448 /* NKLocatorViewModel.swift in Sources */,
				A212FA7B2403C7C80037A513 /* NKMockServiceManager.swift in Sources */,
				A25E3BFE2400227900141448 /* AppDelegate.swift in Sources */,
				A25E3C2424016F1800141448 /* NKLocatorVC.swift in Sources */,
				A25E3C2D24026BA800141448 /* NKServiceProvider.swift in Sources */,
			);
			runOnlyForDeploymentPostprocessing = 0;
		};
		A25E3C0C2400227D00141448 /* Sources */ = {
			isa = PBXSourcesBuildPhase;
			buildActionMask = 2147483647;
			files = (
				A212FA772403C4F80037A513 /* NKLocatorViewModelTests.swift in Sources */,
				A25E3C152400227D00141448 /* NKAirportLocatorTests.swift in Sources */,
				A212FA852403DA260037A513 /* NKDictionaryExtension.swift in Sources */,
				A212FA812403CC8A0037A513 /* NKMockDataManager.swift in Sources */,
			);
			runOnlyForDeploymentPostprocessing = 0;
		};
/* End PBXSourcesBuildPhase section */

/* Begin PBXTargetDependency section */
		A25E3C122400227D00141448 /* PBXTargetDependency */ = {
			isa = PBXTargetDependency;
			target = A25E3BF92400227900141448 /* NKAirportLocator */;
			targetProxy = A25E3C112400227D00141448 /* PBXContainerItemProxy */;
		};
/* End PBXTargetDependency section */

/* Begin PBXVariantGroup section */
		A25E3C032400227900141448 /* Main.storyboard */ = {
			isa = PBXVariantGroup;
			children = (
				A25E3C042400227900141448 /* Base */,
			);
			name = Main.storyboard;
			sourceTree = "<group>";
		};
		A25E3C082400227D00141448 /* LaunchScreen.storyboard */ = {
			isa = PBXVariantGroup;
			children = (
				A25E3C092400227D00141448 /* Base */,
			);
			name = LaunchScreen.storyboard;
			sourceTree = "<group>";
		};
/* End PBXVariantGroup section */

/* Begin XCBuildConfiguration section */
		A25E3C172400227D00141448 /* Debug */ = {
			isa = XCBuildConfiguration;
			buildSettings = {
				ALWAYS_SEARCH_USER_PATHS = NO;
				CLANG_ANALYZER_NONNULL = YES;
				CLANG_ANALYZER_NUMBER_OBJECT_CONVERSION = YES_AGGRESSIVE;
				CLANG_CXX_LANGUAGE_STANDARD = "gnu++14";
				CLANG_CXX_LIBRARY = "libc++";
				CLANG_ENABLE_MODULES = YES;
				CLANG_ENABLE_OBJC_ARC = YES;
				CLANG_ENABLE_OBJC_WEAK = YES;
				CLANG_WARN_BLOCK_CAPTURE_AUTORELEASING = YES;
				CLANG_WARN_BOOL_CONVERSION = YES;
				CLANG_WARN_COMMA = YES;
				CLANG_WARN_CONSTANT_CONVERSION = YES;
				CLANG_WARN_DEPRECATED_OBJC_IMPLEMENTATIONS = YES;
				CLANG_WARN_DIRECT_OBJC_ISA_USAGE = YES_ERROR;
				CLANG_WARN_DOCUMENTATION_COMMENTS = YES;
				CLANG_WARN_EMPTY_BODY = YES;
				CLANG_WARN_ENUM_CONVERSION = YES;
				CLANG_WARN_INFINITE_RECURSION = YES;
				CLANG_WARN_INT_CONVERSION = YES;
				CLANG_WARN_NON_LITERAL_NULL_CONVERSION = YES;
				CLANG_WARN_OBJC_IMPLICIT_RETAIN_SELF = YES;
				CLANG_WARN_OBJC_LITERAL_CONVERSION = YES;
				CLANG_WARN_OBJC_ROOT_CLASS = YES_ERROR;
				CLANG_WARN_RANGE_LOOP_ANALYSIS = YES;
				CLANG_WARN_STRICT_PROTOTYPES = YES;
				CLANG_WARN_SUSPICIOUS_MOVE = YES;
				CLANG_WARN_UNGUARDED_AVAILABILITY = YES_AGGRESSIVE;
				CLANG_WARN_UNREACHABLE_CODE = YES;
				CLANG_WARN__DUPLICATE_METHOD_MATCH = YES;
				COPY_PHASE_STRIP = NO;
				DEBUG_INFORMATION_FORMAT = dwarf;
				ENABLE_STRICT_OBJC_MSGSEND = YES;
				ENABLE_TESTABILITY = YES;
				GCC_C_LANGUAGE_STANDARD = gnu11;
				GCC_DYNAMIC_NO_PIC = NO;
				GCC_NO_COMMON_BLOCKS = YES;
				GCC_OPTIMIZATION_LEVEL = 0;
				GCC_PREPROCESSOR_DEFINITIONS = (
					"DEBUG=1",
					"$(inherited)",
				);
				GCC_WARN_64_TO_32_BIT_CONVERSION = YES;
				GCC_WARN_ABOUT_RETURN_TYPE = YES_ERROR;
				GCC_WARN_UNDECLARED_SELECTOR = YES;
				GCC_WARN_UNINITIALIZED_AUTOS = YES_AGGRESSIVE;
				GCC_WARN_UNUSED_FUNCTION = YES;
				GCC_WARN_UNUSED_VARIABLE = YES;
				IPHONEOS_DEPLOYMENT_TARGET = 12.0;
				MTL_ENABLE_DEBUG_INFO = INCLUDE_SOURCE;
				MTL_FAST_MATH = YES;
				ONLY_ACTIVE_ARCH = YES;
				SDKROOT = iphoneos;
				SWIFT_ACTIVE_COMPILATION_CONDITIONS = DEBUG;
				SWIFT_OPTIMIZATION_LEVEL = "-Onone";
			};
			name = Debug;
		};
		A25E3C182400227D00141448 /* Release */ = {
			isa = XCBuildConfiguration;
			buildSettings = {
				ALWAYS_SEARCH_USER_PATHS = NO;
				CLANG_ANALYZER_NONNULL = YES;
				CLANG_ANALYZER_NUMBER_OBJECT_CONVERSION = YES_AGGRESSIVE;
				CLANG_CXX_LANGUAGE_STANDARD = "gnu++14";
				CLANG_CXX_LIBRARY = "libc++";
				CLANG_ENABLE_MODULES = YES;
				CLANG_ENABLE_OBJC_ARC = YES;
				CLANG_ENABLE_OBJC_WEAK = YES;
				CLANG_WARN_BLOCK_CAPTURE_AUTORELEASING = YES;
				CLANG_WARN_BOOL_CONVERSION = YES;
				CLANG_WARN_COMMA = YES;
				CLANG_WARN_CONSTANT_CONVERSION = YES;
				CLANG_WARN_DEPRECATED_OBJC_IMPLEMENTATIONS = YES;
				CLANG_WARN_DIRECT_OBJC_ISA_USAGE = YES_ERROR;
				CLANG_WARN_DOCUMENTATION_COMMENTS = YES;
				CLANG_WARN_EMPTY_BODY = YES;
				CLANG_WARN_ENUM_CONVERSION = YES;
				CLANG_WARN_INFINITE_RECURSION = YES;
				CLANG_WARN_INT_CONVERSION = YES;
				CLANG_WARN_NON_LITERAL_NULL_CONVERSION = YES;
				CLANG_WARN_OBJC_IMPLICIT_RETAIN_SELF = YES;
				CLANG_WARN_OBJC_LITERAL_CONVERSION = YES;
				CLANG_WARN_OBJC_ROOT_CLASS = YES_ERROR;
				CLANG_WARN_RANGE_LOOP_ANALYSIS = YES;
				CLANG_WARN_STRICT_PROTOTYPES = YES;
				CLANG_WARN_SUSPICIOUS_MOVE = YES;
				CLANG_WARN_UNGUARDED_AVAILABILITY = YES_AGGRESSIVE;
				CLANG_WARN_UNREACHABLE_CODE = YES;
				CLANG_WARN__DUPLICATE_METHOD_MATCH = YES;
				COPY_PHASE_STRIP = NO;
				DEBUG_INFORMATION_FORMAT = "dwarf-with-dsym";
				ENABLE_NS_ASSERTIONS = NO;
				ENABLE_STRICT_OBJC_MSGSEND = YES;
				GCC_C_LANGUAGE_STANDARD = gnu11;
				GCC_NO_COMMON_BLOCKS = YES;
				GCC_WARN_64_TO_32_BIT_CONVERSION = YES;
				GCC_WARN_ABOUT_RETURN_TYPE = YES_ERROR;
				GCC_WARN_UNDECLARED_SELECTOR = YES;
				GCC_WARN_UNINITIALIZED_AUTOS = YES_AGGRESSIVE;
				GCC_WARN_UNUSED_FUNCTION = YES;
				GCC_WARN_UNUSED_VARIABLE = YES;
				IPHONEOS_DEPLOYMENT_TARGET = 12.0;
				MTL_ENABLE_DEBUG_INFO = NO;
				MTL_FAST_MATH = YES;
				SDKROOT = iphoneos;
				SWIFT_COMPILATION_MODE = wholemodule;
				SWIFT_OPTIMIZATION_LEVEL = "-O";
				VALIDATE_PRODUCT = YES;
			};
			name = Release;
		};
		A25E3C1A2400227D00141448 /* Debug */ = {
			isa = XCBuildConfiguration;
			buildSettings = {
				ASSETCATALOG_COMPILER_APPICON_NAME = AppIcon;
				CODE_SIGN_STYLE = Automatic;
				DEVELOPMENT_TEAM = 6LDSSWMY9Q;
				INFOPLIST_FILE = NKAirportLocator/Info.plist;
				IPHONEOS_DEPLOYMENT_TARGET = 12.0;
				LD_RUNPATH_SEARCH_PATHS = (
					"$(inherited)",
					"@executable_path/Frameworks",
				);
				MARKETING_VERSION = 1.0.0;
				PRODUCT_BUNDLE_IDENTIFIER = com.nkairport.app;
				PRODUCT_NAME = "$(TARGET_NAME)";
				SWIFT_VERSION = 5.0;
				TARGETED_DEVICE_FAMILY = 1;
			};
			name = Debug;
		};
		A25E3C1B2400227D00141448 /* Release */ = {
			isa = XCBuildConfiguration;
			buildSettings = {
				ASSETCATALOG_COMPILER_APPICON_NAME = AppIcon;
				CODE_SIGN_STYLE = Automatic;
				DEVELOPMENT_TEAM = 6LDSSWMY9Q;
				INFOPLIST_FILE = NKAirportLocator/Info.plist;
				IPHONEOS_DEPLOYMENT_TARGET = 12.0;
				LD_RUNPATH_SEARCH_PATHS = (
					"$(inherited)",
					"@executable_path/Frameworks",
				);
				MARKETING_VERSION = 1.0.0;
				PRODUCT_BUNDLE_IDENTIFIER = com.nkairport.app;
				PRODUCT_NAME = "$(TARGET_NAME)";
				SWIFT_VERSION = 5.0;
				TARGETED_DEVICE_FAMILY = 1;
			};
			name = Release;
		};
		A25E3C1D2400227D00141448 /* Debug */ = {
			isa = XCBuildConfiguration;
			buildSettings = {
				ALWAYS_EMBED_SWIFT_STANDARD_LIBRARIES = YES;
				BUNDLE_LOADER = "$(TEST_HOST)";
				CODE_SIGN_STYLE = Automatic;
				INFOPLIST_FILE = NKAirportLocatorTests/Info.plist;
				IPHONEOS_DEPLOYMENT_TARGET = 13.2;
				LD_RUNPATH_SEARCH_PATHS = (
					"$(inherited)",
					"@executable_path/Frameworks",
					"@loader_path/Frameworks",
				);
				PRODUCT_BUNDLE_IDENTIFIER = com.nkairport.app.NKAirportLocatorTests;
				PRODUCT_NAME = "$(TARGET_NAME)";
				SWIFT_VERSION = 5.0;
				TARGETED_DEVICE_FAMILY = "1,2";
				TEST_HOST = "$(BUILT_PRODUCTS_DIR)/NKAirportLocator.app/NKAirportLocator";
			};
			name = Debug;
		};
		A25E3C1E2400227D00141448 /* Release */ = {
			isa = XCBuildConfiguration;
			buildSettings = {
				ALWAYS_EMBED_SWIFT_STANDARD_LIBRARIES = YES;
				BUNDLE_LOADER = "$(TEST_HOST)";
				CODE_SIGN_STYLE = Automatic;
				INFOPLIST_FILE = NKAirportLocatorTests/Info.plist;
				IPHONEOS_DEPLOYMENT_TARGET = 13.2;
				LD_RUNPATH_SEARCH_PATHS = (
					"$(inherited)",
					"@executable_path/Frameworks",
					"@loader_path/Frameworks",
				);
				PRODUCT_BUNDLE_IDENTIFIER = com.nkairport.app.NKAirportLocatorTests;
				PRODUCT_NAME = "$(TARGET_NAME)";
				SWIFT_VERSION = 5.0;
				TARGETED_DEVICE_FAMILY = "1,2";
				TEST_HOST = "$(BUILT_PRODUCTS_DIR)/NKAirportLocator.app/NKAirportLocator";
			};
			name = Release;
		};
/* End XCBuildConfiguration section */

/* Begin XCConfigurationList section */
		A25E3BF52400227900141448 /* Build configuration list for PBXProject "NKAirportLocator" */ = {
			isa = XCConfigurationList;
			buildConfigurations = (
				A25E3C172400227D00141448 /* Debug */,
				A25E3C182400227D00141448 /* Release */,
			);
			defaultConfigurationIsVisible = 0;
			defaultConfigurationName = Release;
		};
		A25E3C192400227D00141448 /* Build configuration list for PBXNativeTarget "NKAirportLocator" */ = {
			isa = XCConfigurationList;
			buildConfigurations = (
				A25E3C1A2400227D00141448 /* Debug */,
				A25E3C1B2400227D00141448 /* Release */,
			);
			defaultConfigurationIsVisible = 0;
			defaultConfigurationName = Release;
		};
		A25E3C1C2400227D00141448 /* Build configuration list for PBXNativeTarget "NKAirportLocatorTests" */ = {
			isa = XCConfigurationList;
			buildConfigurations = (
				A25E3C1D2400227D00141448 /* Debug */,
				A25E3C1E2400227D00141448 /* Release */,
			);
			defaultConfigurationIsVisible = 0;
			defaultConfigurationName = Release;
		};
/* End XCConfigurationList section */
	};
	rootObject = A25E3BF22400227900141448 /* Project object */;
}
